
Microsoft Visual Studio Solution File, Format Version 12.00
# Visual Studio Version 17
VisualStudioVersion = 17.5.33424.131
MinimumVisualStudioVersion = 10.0.40219.1
Project("{9A19103F-16F7-4668-BE54-9A1E7A4F7556}") = "Example", "Example\Example.csproj", "{F35539D9-AECA-4A83-97EF-516D0678C4F3}"
EndProject
Project("{9A19103F-16F7-4668-BE54-9A1E7A4F7556}") = "EmployeeRecords", "EmployeeRecords\EmployeeRecords.csproj", "{8D782959-1574-477A-BD7E-046EA71D04C1}"
EndProject
Project("{9A19103F-16F7-4668-BE54-9A1E7A4F7556}") = "PhoneBook", "PhoneBook\PhoneBook.csproj", "{9DD2BD3C-FCC6-48B2-88A5-C81E3B7396BF}"
EndProject
Project("{9A19103F-16F7-4668-BE54-9A1E7A4F7556}") = "PhoneBookWeb", "PhoneBookWeb\PhoneBookWeb.csproj", "{EEB781DE-934B-49F8-BFAA-5255A59B9750}"
EndProject
Project("{FAE04EC0-301F-11D3-BF4B-00C04F79EFBC}") = "WebAppExample", "WebAppExample\WebAppExample.csproj", "{29F87AD3-813B-42DA-9C19-38A2806BDB52}"
EndProject
Global
	GlobalSection(SolutionConfigurationPlatforms) = preSolution
		Debug|Any CPU = Debug|Any CPU
		Release|Any CPU = Release|Any CPU
	EndGlobalSection
	GlobalSection(ProjectConfigurationPlatforms) = postSolution
		{F35539D9-AECA-4A83-97EF-516D0678C4F3}.Debug|Any CPU.ActiveCfg = Debug|Any CPU
		{F35539D9-AECA-4A83-97EF-516D0678C4F3}.Debug|Any CPU.Build.0 = Debug|Any CPU
		{F35539D9-AECA-4A83-97EF-516D0678C4F3}.Release|Any CPU.ActiveCfg = Release|Any CPU
		{F35539D9-AECA-4A83-97EF-516D0678C4F3}.Release|Any CPU.Build.0 = Release|Any CPU
		{8D782959-1574-477A-BD7E-046EA71D04C1}.Debug|Any CPU.ActiveCfg = Debug|Any CPU
		{8D782959-1574-477A-BD7E-046EA71D04C1}.Debug|Any CPU.Build.0 = Debug|Any CPU
		{8D782959-1574-477A-BD7E-046EA71D04C1}.Release|Any CPU.ActiveCfg = Release|Any CPU
		{8D782959-1574-477A-BD7E-046EA71D04C1}.Release|Any CPU.Build.0 = Release|Any CPU
		{9DD2BD3C-FCC6-48B2-88A5-C81E3B7396BF}.Debug|Any CPU.ActiveCfg = Debug|Any CPU
		{9DD2BD3C-FCC6-48B2-88A5-C81E3B7396BF}.Debug|Any CPU.Build.0 = Debug|Any CPU
		{9DD2BD3C-FCC6-48B2-88A5-C81E3B7396BF}.Release|Any CPU.ActiveCfg = Release|Any CPU
		{9DD2BD3C-FCC6-48B2-88A5-C81E3B7396BF}.Release|Any CPU.Build.0 = Release|Any CPU
		{EEB781DE-934B-49F8-BFAA-5255A59B9750}.Debug|Any CPU.ActiveCfg = Debug|Any CPU
		{EEB781DE-934B-49F8-BFAA-5255A59B9750}.Debug|Any CPU.Build.0 = Debug|Any CPU
		{EEB781DE-934B-49F8-BFAA-5255A59B9750}.Release|Any CPU.ActiveCfg = Release|Any CPU
		{EEB781DE-934B-49F8-BFAA-5255A59B9750}.Release|Any CPU.Build.0 = Release|Any CPU
		{29F87AD3-813B-42DA-9C19-38A2806BDB52}.Debug|Any CPU.ActiveCfg = Debug|Any CPU
		{29F87AD3-813B-42DA-9C19-38A2806BDB52}.Debug|Any CPU.Build.0 = Debug|Any CPU
		{29F87AD3-813B-42DA-9C19-38A2806BDB52}.Release|Any CPU.ActiveCfg = Release|Any CPU
		{29F87AD3-813B-42DA-9C19-38A2806BDB52}.Release|Any CPU.Build.0 = Release|Any CPU
	EndGlobalSection
	GlobalSection(SolutionProperties) = preSolution
		HideSolutionNode = FALSE
	EndGlobalSection
	GlobalSection(ExtensibilityGlobals) = postSolution
		SolutionGuid = {43B092D4-E949-40D5-9569-A8A38A404FE7}
	EndGlobalSection
EndGlobal
